
Microsoft Visual Studio Solution File, Format Version 12.00
# Visual Studio Version 17
VisualStudioVersion = 17.9.34310.174
MinimumVisualStudioVersion = 10.0.40219.1
Project("{FAE04EC0-301F-11D3-BF4B-00C04F79EFBC}") = "NavigationBar", "NavigationBar\NavigationBar.csproj", "{844586E9-C263-460A-8889-1DF3B17B2ADD}"
EndProject
Project("{FAE04EC0-301F-11D3-BF4B-00C04F79EFBC}") = "DemoApp", "DemoApp\DemoApp.csproj", "{AED5B0EC-6E27-46AA-902A-44FD35F42F18}"
EndProject
Global
	GlobalSection(SolutionConfigurationPlatforms) = preSolution
		Debug|Any CPU = Debug|Any CPU
		Release|Any CPU = Release|Any CPU
	EndGlobalSection
	GlobalSection(ProjectConfigurationPlatforms) = postSolution
		{844586E9-C263-460A-8889-1DF3B17B2ADD}.Debug|Any CPU.ActiveCfg = Debug|Any CPU
		{844586E9-C263-460A-8889-1DF3B17B2ADD}.Debug|Any CPU.Build.0 = Debug|Any CPU
		{844586E9-C263-460A-8889-1DF3B17B2ADD}.Release|Any CPU.ActiveCfg = Release|Any CPU
		{844586E9-C263-460A-8889-1DF3B17B2ADD}.Release|Any CPU.Build.0 = Release|Any CPU
		{AED5B0EC-6E27-46AA-902A-44FD35F42F18}.Debug|Any CPU.ActiveCfg = Debug|Any CPU
		{AED5B0EC-6E27-46AA-902A-44FD35F42F18}.Debug|Any CPU.Build.0 = Debug|Any CPU
		{AED5B0EC-6E27-46AA-902A-44FD35F42F18}.Release|Any CPU.ActiveCfg = Release|Any CPU
		{AED5B0EC-6E27-46AA-902A-44FD35F42F18}.Release|Any CPU.Build.0 = Release|Any CPU
	EndGlobalSection
	GlobalSection(SolutionProperties) = preSolution
		HideSolutionNode = FALSE
	EndGlobalSection
	GlobalSection(ExtensibilityGlobals) = postSolution
		SolutionGuid = {17B3F628-F00A-40E5-B254-D0AD3A7074F5}
	EndGlobalSection
EndGlobal
